
Microsoft Visual Studio Solution File, Format Version 12.00
# Visual Studio Version 17
VisualStudioVersion = 17.3.32922.545
MinimumVisualStudioVersion = 10.0.40219.1
Project("{FAE04EC0-301F-11D3-BF4B-00C04F79EFBC}") = "Server", "Server.csproj", "{95565E4D-87BE-446B-8492-186D895ACACA}"
EndProject
Project("{9A19103F-16F7-4668-BE54-9A1E7A4F7556}") = "TestTheardSever", "..\TestTheardSever\TestTheardSever.csproj", "{B6F98BFD-E3B6-4987-AF2F-31132E7FD2FA}"
EndProject
Project("{9A19103F-16F7-4668-BE54-9A1E7A4F7556}") = "TestThreadServerClientSocket", "..\TestThreadServerClientSocket\TestThreadServerClientSocket.csproj", "{2F856247-FB22-4655-9758-B21C6A199435}"
EndProject
Project("{9A19103F-16F7-4668-BE54-9A1E7A4F7556}") = "TestSocketHandler", "..\TestSocketHandler\TestSocketHandler.csproj", "{43FE83D8-456F-4236-A8F0-F2F6B5EFD34F}"
EndProject
Project("{9A19103F-16F7-4668-BE54-9A1E7A4F7556}") = "TestSocketBag", "..\TestSocketBag\TestSocketBag.csproj", "{95EA5548-D815-4C7C-A008-59DDA89B90BA}"
EndProject
Project("{9A19103F-16F7-4668-BE54-9A1E7A4F7556}") = "ServerLessonStep40", "..\ServerLessonStep40\ServerLessonStep40.csproj", "{C86B797A-D42B-44E6-9DE0-730A743ECDA2}"
EndProject
Project("{9A19103F-16F7-4668-BE54-9A1E7A4F7556}") = "ServerTcpFinishSyc", "..\ServerTcpFinishSyc\ServerTcpFinishSyc.csproj", "{335A5762-1897-4BB7-A389-007603A4861D}"
EndProject
Project("{9A19103F-16F7-4668-BE54-9A1E7A4F7556}") = "StepRealy32Asyc", "..\StepRealy32Asyc\StepRealy32Asyc.csproj", "{1C249114-0277-4A32-B276-CE86777E79C8}"
EndProject
Project("{9A19103F-16F7-4668-BE54-9A1E7A4F7556}") = "StepRealy33Async", "..\StepRealy33Async\StepRealy33Async.csproj", "{D72995D3-5224-48E8-A94A-F1B8D0BDC60B}"
EndProject
Project("{FAE04EC0-301F-11D3-BF4B-00C04F79EFBC}") = "ServerTcpFinishAsync", "..\ServerTcpFinishAsync\ServerTcpFinishAsync.csproj", "{75BDF3AF-95B8-4C23-99B3-CD7B116FCBAF}"
EndProject
Global
	GlobalSection(SolutionConfigurationPlatforms) = preSolution
		Debug|Any CPU = Debug|Any CPU
		Release|Any CPU = Release|Any CPU
	EndGlobalSection
	GlobalSection(ProjectConfigurationPlatforms) = postSolution
		{95565E4D-87BE-446B-8492-186D895ACACA}.Debug|Any CPU.ActiveCfg = Debug|Any CPU
		{95565E4D-87BE-446B-8492-186D895ACACA}.Debug|Any CPU.Build.0 = Debug|Any CPU
		{95565E4D-87BE-446B-8492-186D895ACACA}.Release|Any CPU.ActiveCfg = Release|Any CPU
		{95565E4D-87BE-446B-8492-186D895ACACA}.Release|Any CPU.Build.0 = Release|Any CPU
		{B6F98BFD-E3B6-4987-AF2F-31132E7FD2FA}.Debug|Any CPU.ActiveCfg = Debug|Any CPU
		{B6F98BFD-E3B6-4987-AF2F-31132E7FD2FA}.Debug|Any CPU.Build.0 = Debug|Any CPU
		{B6F98BFD-E3B6-4987-AF2F-31132E7FD2FA}.Release|Any CPU.ActiveCfg = Release|Any CPU
		{B6F98BFD-E3B6-4987-AF2F-31132E7FD2FA}.Release|Any CPU.Build.0 = Release|Any CPU
		{2F856247-FB22-4655-9758-B21C6A199435}.Debug|Any CPU.ActiveCfg = Debug|Any CPU
		{2F856247-FB22-4655-9758-B21C6A199435}.Debug|Any CPU.Build.0 = Debug|Any CPU
		{2F856247-FB22-4655-9758-B21C6A199435}.Release|Any CPU.ActiveCfg = Release|Any CPU
		{2F856247-FB22-4655-9758-B21C6A199435}.Release|Any CPU.Build.0 = Release|Any CPU
		{43FE83D8-456F-4236-A8F0-F2F6B5EFD34F}.Debug|Any CPU.ActiveCfg = Debug|Any CPU
		{43FE83D8-456F-4236-A8F0-F2F6B5EFD34F}.Debug|Any CPU.Build.0 = Debug|Any CPU
		{43FE83D8-456F-4236-A8F0-F2F6B5EFD34F}.Release|Any CPU.ActiveCfg = Release|Any CPU
		{43FE83D8-456F-4236-A8F0-F2F6B5EFD34F}.Release|Any CPU.Build.0 = Release|Any CPU
		{95EA5548-D815-4C7C-A008-59DDA89B90BA}.Debug|Any CPU.ActiveCfg = Debug|Any CPU
		{95EA5548-D815-4C7C-A008-59DDA89B90BA}.Debug|Any CPU.Build.0 = Debug|Any CPU
		{95EA5548-D815-4C7C-A008-59DDA89B90BA}.Release|Any CPU.ActiveCfg = Release|Any CPU
		{95EA5548-D815-4C7C-A008-59DDA89B90BA}.Release|Any CPU.Build.0 = Release|Any CPU
		{C86B797A-D42B-44E6-9DE0-730A743ECDA2}.Debug|Any CPU.ActiveCfg = Debug|Any CPU
		{C86B797A-D42B-44E6-9DE0-730A743ECDA2}.Debug|Any CPU.Build.0 = Debug|Any CPU
		{C86B797A-D42B-44E6-9DE0-730A743ECDA2}.Release|Any CPU.ActiveCfg = Release|Any CPU
		{C86B797A-D42B-44E6-9DE0-730A743ECDA2}.Release|Any CPU.Build.0 = Release|Any CPU
		{335A5762-1897-4BB7-A389-007603A4861D}.Debug|Any CPU.ActiveCfg = Debug|Any CPU
		{335A5762-1897-4BB7-A389-007603A4861D}.Debug|Any CPU.Build.0 = Debug|Any CPU
		{335A5762-1897-4BB7-A389-007603A4861D}.Release|Any CPU.ActiveCfg = Release|Any CPU
		{335A5762-1897-4BB7-A389-007603A4861D}.Release|Any CPU.Build.0 = Release|Any CPU
		{1C249114-0277-4A32-B276-CE86777E79C8}.Debug|Any CPU.ActiveCfg = Debug|Any CPU
		{1C249114-0277-4A32-B276-CE86777E79C8}.Debug|Any CPU.Build.0 = Debug|Any CPU
		{1C249114-0277-4A32-B276-CE86777E79C8}.Release|Any CPU.ActiveCfg = Release|Any CPU
		{1C249114-0277-4A32-B276-CE86777E79C8}.Release|Any CPU.Build.0 = Release|Any CPU
		{D72995D3-5224-48E8-A94A-F1B8D0BDC60B}.Debug|Any CPU.ActiveCfg = Debug|Any CPU
		{D72995D3-5224-48E8-A94A-F1B8D0BDC60B}.Debug|Any CPU.Build.0 = Debug|Any CPU
		{D72995D3-5224-48E8-A94A-F1B8D0BDC60B}.Release|Any CPU.ActiveCfg = Release|Any CPU
		{D72995D3-5224-48E8-A94A-F1B8D0BDC60B}.Release|Any CPU.Build.0 = Release|Any CPU
		{75BDF3AF-95B8-4C23-99B3-CD7B116FCBAF}.Debug|Any CPU.ActiveCfg = Debug|Any CPU
		{75BDF3AF-95B8-4C23-99B3-CD7B116FCBAF}.Debug|Any CPU.Build.0 = Debug|Any CPU
		{75BDF3AF-95B8-4C23-99B3-CD7B116FCBAF}.Release|Any CPU.ActiveCfg = Release|Any CPU
		{75BDF3AF-95B8-4C23-99B3-CD7B116FCBAF}.Release|Any CPU.Build.0 = Release|Any CPU
	EndGlobalSection
	GlobalSection(SolutionProperties) = preSolution
		HideSolutionNode = FALSE
	EndGlobalSection
	GlobalSection(ExtensibilityGlobals) = postSolution
		SolutionGuid = {7D50A030-DCD8-4BE8-90EE-962CD727F284}
	EndGlobalSection
EndGlobal
